{
  "version": 4,
  "terraform_version": "1.14.5",
  "serial": 4,
  "lineage": "9e030dda-ef40-a264-2552-39e07d205911",
  "outputs": {
    "app_service_default_hostname": {
      "value": "app-todo-app-dev.azurewebsites.net",
      "type": "string"
    },
    "app_service_name": {
      "value": "app-todo-app-dev",
      "type": "string"
    },
    "app_service_url": {
      "value": "https://app-todo-app-dev.azurewebsites.net",
      "type": "string"
    },
    "resource_group_name": {
      "value": "rg-todo-app-dev",
      "type": "string"
    }
  },
  "resources": [
    {
      "mode": "managed",
      "type": "azurerm_linux_web_app",
      "name": "webapp",
      "provider": "provider[\"registry.terraform.io/hashicorp/azurerm\"]",
      "instances": [
        {
          "schema_version": 1,
          "attributes": {
            "app_settings": {
              "APP_VERSION": "1.0.0",
              "ENVIRONMENT": "dev",
              "SCM_DO_BUILD_DURING_DEPLOYMENT": "true",
              "WEBSITES_PORT": "8000"
            },
            "auth_settings": [],
            "auth_settings_v2": [],
            "backup": [],
            "client_affinity_enabled": false,
            "client_certificate_enabled": false,
            "client_certificate_exclusion_paths": "",
            "client_certificate_mode": "Required",
            "connection_string": [],
            "custom_domain_verification_id": "A6A22613798860206C1BAC6D92FBCCB5C6A27567804B336C32A3DC782B842E63",
            "default_hostname": "app-todo-app-dev.azurewebsites.net",
            "enabled": true,
            "ftp_publish_basic_authentication_enabled": true,
            "hosting_environment_id": "",
            "https_only": false,
            "id": "/subscriptions/5395e24e-8767-4eb2-bf63-070cfb072554/resourceGroups/rg-todo-app-dev/providers/Microsoft.Web/sites/app-todo-app-dev",
            "identity": [],
            "key_vault_reference_identity_id": "SystemAssigned",
            "kind": "app,linux",
            "location": "canadaeast",
            "logs": [],
            "name": "app-todo-app-dev",
            "outbound_ip_address_list": [
              "52.242.36.113",
              "52.242.36.85",
              "52.242.37.66",
              "52.242.39.3",
              "52.242.39.232",
              "52.242.38.65",
              "4.248.24.140",
              "4.248.24.30",
              "4.248.25.66",
              "4.248.25.116",
              "4.248.24.11",
              "4.248.24.94",
              "40.69.106.103"
            ],
            "outbound_ip_addresses": "52.242.36.113,52.242.36.85,52.242.37.66,52.242.39.3,52.242.39.232,52.242.38.65,4.248.24.140,4.248.24.30,4.248.25.66,4.248.25.116,4.248.24.11,4.248.24.94,40.69.106.103",
            "possible_outbound_ip_address_list": [
              "52.242.36.113",
              "52.242.36.85",
              "52.242.37.66",
              "52.242.39.3",
              "52.242.39.232",
              "52.242.38.65",
              "4.248.24.140",
              "4.248.24.30",
              "4.248.25.66",
              "4.248.25.116",
              "4.248.24.11",
              "4.248.24.94",
              "4.248.25.140",
              "4.248.24.27",
              "4.248.24.123",
              "4.248.24.136",
              "52.242.36.1",
              "52.242.36.13",
              "52.242.36.2",
              "52.242.36.22",
              "52.242.36.29",
              "52.242.36.30",
              "52.242.36.32",
              "52.242.36.48",
              "52.242.38.87",
              "52.242.38.107",
              "52.242.38.164",
              "52.242.38.123",
              "52.242.38.162",
              "52.242.38.182",
              "40.69.106.103"
            ],
            "possible_outbound_ip_addresses": "52.242.36.113,52.242.36.85,52.242.37.66,52.242.39.3,52.242.39.232,52.242.38.65,4.248.24.140,4.248.24.30,4.248.25.66,4.248.25.116,4.248.24.11,4.248.24.94,4.248.25.140,4.248.24.27,4.248.24.123,4.248.24.136,52.242.36.1,52.242.36.13,52.242.36.2,52.242.36.22,52.242.36.29,52.242.36.30,52.242.36.32,52.242.36.48,52.242.38.87,52.242.38.107,52.242.38.164,52.242.38.123,52.242.38.162,52.242.38.182,40.69.106.103",
            "public_network_access_enabled": true,
            "resource_group_name": "rg-todo-app-dev",
            "service_plan_id": "/subscriptions/5395e24e-8767-4eb2-bf63-070cfb072554/resourceGroups/rg-todo-app-dev/providers/Microsoft.Web/serverFarms/asp-todo-app-dev",
            "site_config": [
              {
                "always_on": false,
                "api_definition_url": "",
                "api_management_api_id": "",
                "app_command_line": "",
                "application_stack": [
                  {
                    "docker_image": "",
                    "docker_image_name": "",
                    "docker_image_tag": "",
                    "docker_registry_password": "",
                    "docker_registry_url": "",
                    "docker_registry_username": "",
                    "dotnet_version": "",
                    "go_version": "",
                    "java_server": "",
                    "java_server_version": "",
                    "java_version": "",
                    "node_version": "",
                    "php_version": "",
                    "python_version": "3.11",
                    "ruby_version": ""
                  }
                ],
                "auto_heal_enabled": false,
                "auto_heal_setting": [],
                "container_registry_managed_identity_client_id": "",
                "container_registry_use_managed_identity": false,
                "cors": [],
                "default_documents": [
                  "Default.htm",
                  "Default.html",
                  "Default.asp",
                  "index.htm",
                  "index.html",
                  "iisstart.htm",
                  "default.aspx",
                  "index.php",
                  "hostingstart.html"
                ],
                "detailed_error_logging_enabled": false,
                "ftps_state": "Disabled",
                "health_check_eviction_time_in_min": 0,
                "health_check_path": "/health",
                "http2_enabled": false,
                "ip_restriction": [],
                "ip_restriction_default_action": "Allow",
                "linux_fx_version": "PYTHON|3.11",
                "load_balancing_mode": "LeastRequests",
                "local_mysql_enabled": false,
                "managed_pipeline_mode": "Integrated",
                "minimum_tls_version": "1.2",
                "remote_debugging_enabled": false,
                "remote_debugging_version": "VS2022",
                "scm_ip_restriction": [],
                "scm_ip_restriction_default_action": "Allow",
                "scm_minimum_tls_version": "1.2",
                "scm_type": "None",
                "scm_use_main_ip_restriction": false,
                "use_32_bit_worker": true,
                "vnet_route_all_enabled": false,
                "websockets_enabled": false,
                "worker_count": 1
              }
            ],
            "site_credential": [
              {
                "name": "$app-todo-app-dev",
                "password": "vqchxiwHNoy4EE2SkbEeaaQb5hzpvXuujcdoZxmK23t6tExn0pekRZKte0f9"
              }
            ],
            "sticky_settings": [],
            "storage_account": [],
            "tags": {
              "Application": "todo-app",
              "Creator": "Jenn Wang",
              "DateCreated": "02/13/2026",
              "DeployedVersion": "1.0.0",
              "Environment": "dev",
              "LastModifiedBy": "Jenn Wang",
              "LastModifiedTime": "02/13/2026"
            },
            "timeouts": null,
            "virtual_network_subnet_id": "",
            "webdeploy_publish_basic_authentication_enabled": true,
            "zip_deploy_file": ""
          },
          "sensitive_attributes": [
            [
              {
                "type": "get_attr",
                "value": "custom_domain_verification_id"
              }
            ],
            [
              {
                "type": "get_attr",
                "value": "site_config"
              },
              {
                "type": "index",
                "value": {
                  "value": 0,
                  "type": "number"
                }
              },
              {
                "type": "get_attr",
                "value": "application_stack"
              },
              {
                "type": "index",
                "value": {
                  "value": 0,
                  "type": "number"
                }
              },
              {
                "type": "get_attr",
                "value": "docker_registry_password"
              }
            ],
            [
              {
                "type": "get_attr",
                "value": "site_credential"
              }
            ]
          ],
          "identity_schema_version": 0,
          "private": "eyJlMmJmYjczMC1lY2FhLTExZTYtOGY4OC0zNDM2M2JjN2M0YzAiOnsiY3JlYXRlIjoxODAwMDAwMDAwMDAwLCJkZWxldGUiOjE4MDAwMDAwMDAwMDAsInJlYWQiOjMwMDAwMDAwMDAwMCwidXBkYXRlIjoxODAwMDAwMDAwMDAwfSwic2NoZW1hX3ZlcnNpb24iOiIxIn0=",
          "dependencies": [
            "azurerm_resource_group.rg",
            "azurerm_service_plan.asp"
          ]
        }
      ]
    },
    {
      "mode": "managed",
      "type": "azurerm_resource_group",
      "name": "rg",
      "provider": "provider[\"registry.terraform.io/hashicorp/azurerm\"]",
      "instances": [
        {
          "schema_version": 0,
          "attributes": {
            "id": "/subscriptions/5395e24e-8767-4eb2-bf63-070cfb072554/resourceGroups/rg-todo-app-dev",
            "location": "canadaeast",
            "managed_by": "",
            "name": "rg-todo-app-dev",
            "tags": {
              "Application": "todo-app",
              "Environment": "dev",
              "ManagedBy": "Terraform"
            },
            "timeouts": null
          },
          "sensitive_attributes": [],
          "identity_schema_version": 0,
          "private": "eyJlMmJmYjczMC1lY2FhLTExZTYtOGY4OC0zNDM2M2JjN2M0YzAiOnsiY3JlYXRlIjo1NDAwMDAwMDAwMDAwLCJkZWxldGUiOjU0MDAwMDAwMDAwMDAsInJlYWQiOjMwMDAwMDAwMDAwMCwidXBkYXRlIjo1NDAwMDAwMDAwMDAwfX0="
        }
      ]
    },
    {
      "mode": "managed",
      "type": "azurerm_service_plan",
      "name": "asp",
      "provider": "provider[\"registry.terraform.io/hashicorp/azurerm\"]",
      "instances": [
        {
          "schema_version": 1,
          "attributes": {
            "app_service_environment_id": "",
            "id": "/subscriptions/5395e24e-8767-4eb2-bf63-070cfb072554/resourceGroups/rg-todo-app-dev/providers/Microsoft.Web/serverFarms/asp-todo-app-dev",
            "kind": "linux",
            "location": "canadaeast",
            "maximum_elastic_worker_count": 1,
            "name": "asp-todo-app-dev",
            "os_type": "Linux",
            "per_site_scaling_enabled": false,
            "reserved": true,
            "resource_group_name": "rg-todo-app-dev",
            "sku_name": "F1",
            "tags": {
              "Application": "todo-app",
              "Environment": "dev"
            },
            "timeouts": null,
            "worker_count": 1,
            "zone_balancing_enabled": false
          },
          "sensitive_attributes": [],
          "identity_schema_version": 0,
          "private": "eyJlMmJmYjczMC1lY2FhLTExZTYtOGY4OC0zNDM2M2JjN2M0YzAiOnsiY3JlYXRlIjozNjAwMDAwMDAwMDAwLCJkZWxldGUiOjM2MDAwMDAwMDAwMDAsInJlYWQiOjMwMDAwMDAwMDAwMCwidXBkYXRlIjozNjAwMDAwMDAwMDAwfSwic2NoZW1hX3ZlcnNpb24iOiIxIn0=",
          "dependencies": [
            "azurerm_resource_group.rg"
          ]
        }
      ]
    }
  ],
  "check_results": [
    {
      "object_kind": "var",
      "config_addr": "var.environment",
      "status": "pass",
      "objects": [
        {
          "object_addr": "var.environment",
          "status": "pass"
        }
      ]
    }
  ]
}
