{
  "version": 4,
  "terraform_version": "1.14.5",
  "serial": 11,
  "lineage": "15d67bc1-3b1e-57f4-d0cb-b30edf699ae2",
  "outputs": {
    "app_service_default_hostname": {
      "value": "appservice-todo-app-prod.azurewebsites.net",
      "type": "string"
    },
    "app_service_name": {
      "value": "appservice-todo-app-prod",
      "type": "string"
    },
    "app_service_url": {
      "value": "https://appservice-todo-app-prod.azurewebsites.net",
      "type": "string"
    },
    "resource_group_name": {
      "value": "rg-todo-app-prod",
      "type": "string"
    }
  },
  "resources": [
    {
      "mode": "managed",
      "type": "azurerm_linux_web_app",
      "name": "webapp",
      "provider": "provider[\"registry.terraform.io/hashicorp/azurerm\"]",
      "instances": [
        {
          "schema_version": 1,
          "attributes": {
            "app_settings": {
              "APP_VERSION": "1.0.0",
              "ENVIRONMENT": "prod",
              "SCM_DO_BUILD_DURING_DEPLOYMENT": "true",
              "WEBSITES_PORT": "8000"
            },
            "auth_settings": [],
            "auth_settings_v2": [],
            "backup": [],
            "client_affinity_enabled": false,
            "client_certificate_enabled": false,
            "client_certificate_exclusion_paths": "",
            "client_certificate_mode": "Required",
            "connection_string": [],
            "custom_domain_verification_id": "8143FC7061D78287FF6BAA5ACD472094DA0729EC84B5FE6088150626A017A173",
            "default_hostname": "appservice-todo-app-prod.azurewebsites.net",
            "enabled": true,
            "ftp_publish_basic_authentication_enabled": true,
            "hosting_environment_id": "",
            "https_only": false,
            "id": "/subscriptions/b309e391-6114-4de7-9bd9-f196c9261098/resourceGroups/rg-todo-app-prod/providers/Microsoft.Web/sites/appservice-todo-app-prod",
            "identity": [],
            "key_vault_reference_identity_id": "SystemAssigned",
            "kind": "app,linux",
            "location": "canadaeast",
            "logs": [],
            "name": "appservice-todo-app-prod",
            "outbound_ip_address_list": [
              "52.229.113.176",
              "52.229.97.110",
              "52.229.113.193",
              "52.229.113.223",
              "52.229.112.127",
              "52.229.114.220",
              "40.86.204.186",
              "40.86.205.236",
              "40.86.201.191",
              "40.69.103.25",
              "40.69.103.42",
              "40.69.96.41",
              "40.69.106.99"
            ],
            "outbound_ip_addresses": "52.229.113.176,52.229.97.110,52.229.113.193,52.229.113.223,52.229.112.127,52.229.114.220,40.86.204.186,40.86.205.236,40.86.201.191,40.69.103.25,40.69.103.42,40.69.96.41,40.69.106.99",
            "possible_outbound_ip_address_list": [
              "52.229.113.176",
              "52.229.97.110",
              "52.229.113.193",
              "52.229.113.223",
              "52.229.112.127",
              "52.229.114.220",
              "40.86.204.186",
              "40.86.205.236",
              "40.86.201.191",
              "40.69.103.25",
              "40.69.103.42",
              "40.69.96.41",
              "40.69.99.32",
              "40.69.96.21",
              "40.69.101.181",
              "40.69.97.53",
              "40.69.103.81",
              "40.69.103.86",
              "40.86.219.42",
              "40.86.216.182",
              "40.86.205.43",
              "40.69.103.93",
              "40.69.96.190",
              "40.86.205.142",
              "40.69.96.246",
              "52.229.92.22",
              "52.229.92.30",
              "52.229.92.215",
              "52.229.92.254",
              "52.229.95.128",
              "40.69.106.99"
            ],
            "possible_outbound_ip_addresses": "52.229.113.176,52.229.97.110,52.229.113.193,52.229.113.223,52.229.112.127,52.229.114.220,40.86.204.186,40.86.205.236,40.86.201.191,40.69.103.25,40.69.103.42,40.69.96.41,40.69.99.32,40.69.96.21,40.69.101.181,40.69.97.53,40.69.103.81,40.69.103.86,40.86.219.42,40.86.216.182,40.86.205.43,40.69.103.93,40.69.96.190,40.86.205.142,40.69.96.246,52.229.92.22,52.229.92.30,52.229.92.215,52.229.92.254,52.229.95.128,40.69.106.99",
            "public_network_access_enabled": true,
            "resource_group_name": "rg-todo-app-prod",
            "service_plan_id": "/subscriptions/b309e391-6114-4de7-9bd9-f196c9261098/resourceGroups/rg-todo-app-prod/providers/Microsoft.Web/serverFarms/asp-todo-app-prod",
            "site_config": [
              {
                "always_on": false,
                "api_definition_url": "",
                "api_management_api_id": "",
                "app_command_line": "",
                "application_stack": [
                  {
                    "docker_image": "",
                    "docker_image_name": "",
                    "docker_image_tag": "",
                    "docker_registry_password": "",
                    "docker_registry_url": "",
                    "docker_registry_username": "",
                    "dotnet_version": "",
                    "go_version": "",
                    "java_server": "",
                    "java_server_version": "",
                    "java_version": "",
                    "node_version": "",
                    "php_version": "",
                    "python_version": "3.11",
                    "ruby_version": ""
                  }
                ],
                "auto_heal_enabled": false,
                "auto_heal_setting": [],
                "container_registry_managed_identity_client_id": "",
                "container_registry_use_managed_identity": false,
                "cors": [],
                "default_documents": [
                  "Default.htm",
                  "Default.html",
                  "Default.asp",
                  "index.htm",
                  "index.html",
                  "iisstart.htm",
                  "default.aspx",
                  "index.php",
                  "hostingstart.html"
                ],
                "detailed_error_logging_enabled": false,
                "ftps_state": "Disabled",
                "health_check_eviction_time_in_min": 0,
                "health_check_path": "/health",
                "http2_enabled": false,
                "ip_restriction": [],
                "ip_restriction_default_action": "Allow",
                "linux_fx_version": "PYTHON|3.11",
                "load_balancing_mode": "LeastRequests",
                "local_mysql_enabled": false,
                "managed_pipeline_mode": "Integrated",
                "minimum_tls_version": "1.2",
                "remote_debugging_enabled": false,
                "remote_debugging_version": "VS2022",
                "scm_ip_restriction": [],
                "scm_ip_restriction_default_action": "Allow",
                "scm_minimum_tls_version": "1.2",
                "scm_type": "None",
                "scm_use_main_ip_restriction": false,
                "use_32_bit_worker": true,
                "vnet_route_all_enabled": false,
                "websockets_enabled": false,
                "worker_count": 1
              }
            ],
            "site_credential": [
              {
                "name": "$appservice-todo-app-prod",
                "password": "uK2bnhi5ow1NouM5gCz9xmRoBXx5wjTogx8CDu5T79Jwv8WivptPhlvxpCqA"
              }
            ],
            "sticky_settings": [],
            "storage_account": [],
            "tags": {
              "Application": "todo-app",
              "DeployedVersion": "1.0.0",
              "Environment": "prod"
            },
            "timeouts": null,
            "virtual_network_subnet_id": "",
            "webdeploy_publish_basic_authentication_enabled": true,
            "zip_deploy_file": ""
          },
          "sensitive_attributes": [
            [
              {
                "type": "get_attr",
                "value": "custom_domain_verification_id"
              }
            ],
            [
              {
                "type": "get_attr",
                "value": "site_config"
              },
              {
                "type": "index",
                "value": {
                  "value": 0,
                  "type": "number"
                }
              },
              {
                "type": "get_attr",
                "value": "application_stack"
              },
              {
                "type": "index",
                "value": {
                  "value": 0,
                  "type": "number"
                }
              },
              {
                "type": "get_attr",
                "value": "docker_registry_password"
              }
            ],
            [
              {
                "type": "get_attr",
                "value": "site_credential"
              }
            ]
          ],
          "identity_schema_version": 0,
          "private": "eyJlMmJmYjczMC1lY2FhLTExZTYtOGY4OC0zNDM2M2JjN2M0YzAiOnsiY3JlYXRlIjoxODAwMDAwMDAwMDAwLCJkZWxldGUiOjE4MDAwMDAwMDAwMDAsInJlYWQiOjMwMDAwMDAwMDAwMCwidXBkYXRlIjoxODAwMDAwMDAwMDAwfSwic2NoZW1hX3ZlcnNpb24iOiIxIn0=",
          "dependencies": [
            "azurerm_resource_group.rg",
            "azurerm_service_plan.asp"
          ]
        }
      ]
    },
    {
      "mode": "managed",
      "type": "azurerm_resource_group",
      "name": "rg",
      "provider": "provider[\"registry.terraform.io/hashicorp/azurerm\"]",
      "instances": [
        {
          "schema_version": 0,
          "attributes": {
            "id": "/subscriptions/b309e391-6114-4de7-9bd9-f196c9261098/resourceGroups/rg-todo-app-prod",
            "location": "canadaeast",
            "managed_by": "",
            "name": "rg-todo-app-prod",
            "tags": {
              "Application": "todo-app",
              "Environment": "prod",
              "ManagedBy": "Terraform"
            },
            "timeouts": null
          },
          "sensitive_attributes": [],
          "identity_schema_version": 0,
          "private": "eyJlMmJmYjczMC1lY2FhLTExZTYtOGY4OC0zNDM2M2JjN2M0YzAiOnsiY3JlYXRlIjo1NDAwMDAwMDAwMDAwLCJkZWxldGUiOjU0MDAwMDAwMDAwMDAsInJlYWQiOjMwMDAwMDAwMDAwMCwidXBkYXRlIjo1NDAwMDAwMDAwMDAwfX0="
        }
      ]
    },
    {
      "mode": "managed",
      "type": "azurerm_service_plan",
      "name": "asp",
      "provider": "provider[\"registry.terraform.io/hashicorp/azurerm\"]",
      "instances": [
        {
          "schema_version": 1,
          "attributes": {
            "app_service_environment_id": "",
            "id": "/subscriptions/b309e391-6114-4de7-9bd9-f196c9261098/resourceGroups/rg-todo-app-prod/providers/Microsoft.Web/serverFarms/asp-todo-app-prod",
            "kind": "linux",
            "location": "canadaeast",
            "maximum_elastic_worker_count": 1,
            "name": "asp-todo-app-prod",
            "os_type": "Linux",
            "per_site_scaling_enabled": false,
            "reserved": true,
            "resource_group_name": "rg-todo-app-prod",
            "sku_name": "F1",
            "tags": {
              "Application": "todo-app",
              "Environment": "prod"
            },
            "timeouts": null,
            "worker_count": 1,
            "zone_balancing_enabled": false
          },
          "sensitive_attributes": [],
          "identity_schema_version": 0,
          "private": "eyJlMmJmYjczMC1lY2FhLTExZTYtOGY4OC0zNDM2M2JjN2M0YzAiOnsiY3JlYXRlIjozNjAwMDAwMDAwMDAwLCJkZWxldGUiOjM2MDAwMDAwMDAwMDAsInJlYWQiOjMwMDAwMDAwMDAwMCwidXBkYXRlIjozNjAwMDAwMDAwMDAwfSwic2NoZW1hX3ZlcnNpb24iOiIxIn0=",
          "dependencies": [
            "azurerm_resource_group.rg"
          ]
        }
      ]
    }
  ],
  "check_results": [
    {
      "object_kind": "var",
      "config_addr": "var.environment",
      "status": "pass",
      "objects": [
        {
          "object_addr": "var.environment",
          "status": "pass"
        }
      ]
    }
  ]
}
